// !$*UTF8*$!
{
	archiveVersion = 1;
	classes = {
	};
	objectVersion = 56;
	objects = {

/* Begin PBXBuildFile section */
		843DB2CC2A116ECA009E1F70 /* TabBarViewController.swift in Sources */ = {isa = PBXBuildFile; fileRef = 843DB2CB2A116ECA009E1F70 /* TabBarViewController.swift */; };
		84D25A092A0A3772005A2EB7 /* AppDelegate.swift in Sources */ = {isa = PBXBuildFile; fileRef = 84D25A082A0A3772005A2EB7 /* AppDelegate.swift */; };
		84D25A0B2A0A3772005A2EB7 /* SceneDelegate.swift in Sources */ = {isa = PBXBuildFile; fileRef = 84D25A0A2A0A3772005A2EB7 /* SceneDelegate.swift */; };
		84D25A0D2A0A3772005A2EB7 /* LogInViewController.swift in Sources */ = {isa = PBXBuildFile; fileRef = 84D25A0C2A0A3772005A2EB7 /* LogInViewController.swift */; };
		84D25A102A0A3772005A2EB7 /* Main.storyboard in Resources */ = {isa = PBXBuildFile; fileRef = 84D25A0E2A0A3772005A2EB7 /* Main.storyboard */; };
		84D25A152A0A3774005A2EB7 /* LaunchScreen.storyboard in Resources */ = {isa = PBXBuildFile; fileRef = 84D25A132A0A3774005A2EB7 /* LaunchScreen.storyboard */; };
		84D25A1D2A0C07F5005A2EB7 /* WelcomeViewController.swift in Sources */ = {isa = PBXBuildFile; fileRef = 84D25A1C2A0C07F5005A2EB7 /* WelcomeViewController.swift */; };
/* End PBXBuildFile section */

/* Begin PBXFileReference section */
		843DB2CB2A116ECA009E1F70 /* TabBarViewController.swift */ = {isa = PBXFileReference; lastKnownFileType = sourcecode.swift; path = TabBarViewController.swift; sourceTree = "<group>"; };
		84D25A052A0A3772005A2EB7 /* LogInScreen.app */ = {isa = PBXFileReference; explicitFileType = wrapper.application; includeInIndex = 0; path = LogInScreen.app; sourceTree = BUILT_PRODUCTS_DIR; };
		84D25A082A0A3772005A2EB7 /* AppDelegate.swift */ = {isa = PBXFileReference; lastKnownFileType = sourcecode.swift; path = AppDelegate.swift; sourceTree = "<group>"; };
		84D25A0A2A0A3772005A2EB7 /* SceneDelegate.swift */ = {isa = PBXFileReference; lastKnownFileType = sourcecode.swift; path = SceneDelegate.swift; sourceTree = "<group>"; };
		84D25A0C2A0A3772005A2EB7 /* LogInViewController.swift */ = {isa = PBXFileReference; lastKnownFileType = sourcecode.swift; path = LogInViewController.swift; sourceTree = "<group>"; };
		84D25A0F2A0A3772005A2EB7 /* Base */ = {isa = PBXFileReference; lastKnownFileType = file.storyboard; name = Base; path = Base.lproj/Main.storyboard; sourceTree = "<group>"; };
		84D25A142A0A3774005A2EB7 /* Base */ = {isa = PBXFileReference; lastKnownFileType = file.storyboard; name = Base; path = Base.lproj/LaunchScreen.storyboard; sourceTree = "<group>"; };
		84D25A162A0A3774005A2EB7 /* Info.plist */ = {isa = PBXFileReference; lastKnownFileType = text.plist.xml; path = Info.plist; sourceTree = "<group>"; };
		84D25A1C2A0C07F5005A2EB7 /* WelcomeViewController.swift */ = {isa = PBXFileReference; lastKnownFileType = sourcecode.swift; path = WelcomeViewController.swift; sourceTree = "<group>"; };
		84D25A262A0FFD96005A2EB7 /* Assets.xcassets */ = {isa = PBXFileReference; lastKnownFileType = folder.assetcatalog; path = Assets.xcassets; sourceTree = "<group>"; };
/* End PBXFileReference section */

/* Begin PBXFrameworksBuildPhase section */
		84D25A022A0A3772005A2EB7 /* Frameworks */ = {
			isa = PBXFrameworksBuildPhase;
			buildActionMask = 2147483647;
			files = (
			);
			runOnlyForDeploymentPostprocessing = 0;
		};
/* End PBXFrameworksBuildPhase section */

/* Begin PBXGroup section */
		84D259FC2A0A3772005A2EB7 = {
			isa = PBXGroup;
			children = (
				84D25A072A0A3772005A2EB7 /* LogInScreen */,
				84D25A062A0A3772005A2EB7 /* Products */,
			);
			sourceTree = "<group>";
		};
		84D25A062A0A3772005A2EB7 /* Products */ = {
			isa = PBXGroup;
			children = (
				84D25A052A0A3772005A2EB7 /* LogInScreen.app */,
			);
			name = Products;
			sourceTree = "<group>";
		};
		84D25A072A0A3772005A2EB7 /* LogInScreen */ = {
			isa = PBXGroup;
			children = (
				84D25A242A0FFD96005A2EB7 /* Models */,
				84D25A1E2A0FFBB1005A2EB7 /* App */,
				84D25A1F2A0FFBBD005A2EB7 /* ViewControllers */,
				84D25A202A0FFBD5005A2EB7 /* Storyboards */,
				84D25A252A0FFD96005A2EB7 /* Resources */,
			);
			path = LogInScreen;
			sourceTree = "<group>";
		};
		84D25A1E2A0FFBB1005A2EB7 /* App */ = {
			isa = PBXGroup;
			children = (
				84D25A082A0A3772005A2EB7 /* AppDelegate.swift */,
				84D25A0A2A0A3772005A2EB7 /* SceneDelegate.swift */,
				84D25A162A0A3774005A2EB7 /* Info.plist */,
			);
			path = App;
			sourceTree = "<group>";
		};
		84D25A1F2A0FFBBD005A2EB7 /* ViewControllers */ = {
			isa = PBXGroup;
			children = (
				84D25A0C2A0A3772005A2EB7 /* LogInViewController.swift */,
				84D25A1C2A0C07F5005A2EB7 /* WelcomeViewController.swift */,
				843DB2CB2A116ECA009E1F70 /* TabBarViewController.swift */,
			);
			path = ViewControllers;
			sourceTree = "<group>";
		};
		84D25A202A0FFBD5005A2EB7 /* Storyboards */ = {
			isa = PBXGroup;
			children = (
				84D25A0E2A0A3772005A2EB7 /* Main.storyboard */,
				84D25A132A0A3774005A2EB7 /* LaunchScreen.storyboard */,
			);
			path = Storyboards;
			sourceTree = "<group>";
		};
		84D25A242A0FFD96005A2EB7 /* Models */ = {
			isa = PBXGroup;
			children = (
			);
			path = Models;
			sourceTree = "<group>";
		};
		84D25A252A0FFD96005A2EB7 /* Resources */ = {
			isa = PBXGroup;
			children = (
				84D25A262A0FFD96005A2EB7 /* Assets.xcassets */,
			);
			path = Resources;
			sourceTree = "<group>";
		};
/* End PBXGroup section */

/* Begin PBXNativeTarget section */
		84D25A042A0A3772005A2EB7 /* LogInScreen */ = {
			isa = PBXNativeTarget;
			buildConfigurationList = 84D25A192A0A3774005A2EB7 /* Build configuration list for PBXNativeTarget "LogInScreen" */;
			buildPhases = (
				84D25A012A0A3772005A2EB7 /* Sources */,
				84D25A022A0A3772005A2EB7 /* Frameworks */,
				84D25A032A0A3772005A2EB7 /* Resources */,
			);
			buildRules = (
			);
			dependencies = (
			);
			name = LogInScreen;
			productName = LogInScreen;
			productReference = 84D25A052A0A3772005A2EB7 /* LogInScreen.app */;
			productType = "com.apple.product-type.application";
		};
/* End PBXNativeTarget section */

/* Begin PBXProject section */
		84D259FD2A0A3772005A2EB7 /* Project object */ = {
			isa = PBXProject;
			attributes = {
				BuildIndependentTargetsInParallel = 1;
				LastSwiftUpdateCheck = 1430;
				LastUpgradeCheck = 1430;
				TargetAttributes = {
					84D25A042A0A3772005A2EB7 = {
						CreatedOnToolsVersion = 14.3;
					};
				};
			};
			buildConfigurationList = 84D25A002A0A3772005A2EB7 /* Build configuration list for PBXProject "LogInScreen" */;
			compatibilityVersion = "Xcode 14.0";
			developmentRegion = en;
			hasScannedForEncodings = 0;
			knownRegions = (
				en,
				Base,
			);
			mainGroup = 84D259FC2A0A3772005A2EB7;
			productRefGroup = 84D25A062A0A3772005A2EB7 /* Products */;
			projectDirPath = "";
			projectRoot = "";
			targets = (
				84D25A042A0A3772005A2EB7 /* LogInScreen */,
			);
		};
/* End PBXProject section */

/* Begin PBXResourcesBuildPhase section */
		84D25A032A0A3772005A2EB7 /* Resources */ = {
			isa = PBXResourcesBuildPhase;
			buildActionMask = 2147483647;
			files = (
				84D25A152A0A3774005A2EB7 /* LaunchScreen.storyboard in Resources */,
				84D25A102A0A3772005A2EB7 /* Main.storyboard in Resources */,
			);
			runOnlyForDeploymentPostprocessing = 0;
		};
/* End PBXResourcesBuildPhase section */

/* Begin PBXSourcesBuildPhase section */
		84D25A012A0A3772005A2EB7 /* Sources */ = {
			isa = PBXSourcesBuildPhase;
			buildActionMask = 2147483647;
			files = (
				84D25A0D2A0A3772005A2EB7 /* LogInViewController.swift in Sources */,
				84D25A092A0A3772005A2EB7 /* AppDelegate.swift in Sources */,
				84D25A0B2A0A3772005A2EB7 /* SceneDelegate.swift in Sources */,
				843DB2CC2A116ECA009E1F70 /* TabBarViewController.swift in Sources */,
				84D25A1D2A0C07F5005A2EB7 /* WelcomeViewController.swift in Sources */,
			);
			runOnlyForDeploymentPostprocessing = 0;
		};
/* End PBXSourcesBuildPhase section */

/* Begin PBXVariantGroup section */
		84D25A0E2A0A3772005A2EB7 /* Main.storyboard */ = {
			isa = PBXVariantGroup;
			children = (
				84D25A0F2A0A3772005A2EB7 /* Base */,
			);
			name = Main.storyboard;
			sourceTree = "<group>";
		};
		84D25A132A0A3774005A2EB7 /* LaunchScreen.storyboard */ = {
			isa = PBXVariantGroup;
			children = (
				84D25A142A0A3774005A2EB7 /* Base */,
			);
			name = LaunchScreen.storyboard;
			sourceTree = "<group>";
		};
/* End PBXVariantGroup section */

/* Begin XCBuildConfiguration section */
		84D25A172A0A3774005A2EB7 /* Debug */ = {
			isa = XCBuildConfiguration;
			buildSettings = {
				ALWAYS_SEARCH_USER_PATHS = NO;
				CLANG_ANALYZER_NONNULL = YES;
				CLANG_ANALYZER_NUMBER_OBJECT_CONVERSION = YES_AGGRESSIVE;
				CLANG_CXX_LANGUAGE_STANDARD = "gnu++20";
				CLANG_ENABLE_MODULES = YES;
				CLANG_ENABLE_OBJC_ARC = YES;
				CLANG_ENABLE_OBJC_WEAK = YES;
				CLANG_WARN_BLOCK_CAPTURE_AUTORELEASING = YES;
				CLANG_WARN_BOOL_CONVERSION = YES;
				CLANG_WARN_COMMA = YES;
				CLANG_WARN_CONSTANT_CONVERSION = YES;
				CLANG_WARN_DEPRECATED_OBJC_IMPLEMENTATIONS = YES;
				CLANG_WARN_DIRECT_OBJC_ISA_USAGE = YES_ERROR;
				CLANG_WARN_DOCUMENTATION_COMMENTS = YES;
				CLANG_WARN_EMPTY_BODY = YES;
				CLANG_WARN_ENUM_CONVERSION = YES;
				CLANG_WARN_INFINITE_RECURSION = YES;
				CLANG_WARN_INT_CONVERSION = YES;
				CLANG_WARN_NON_LITERAL_NULL_CONVERSION = YES;
				CLANG_WARN_OBJC_IMPLICIT_RETAIN_SELF = YES;
				CLANG_WARN_OBJC_LITERAL_CONVERSION = YES;
				CLANG_WARN_OBJC_ROOT_CLASS = YES_ERROR;
				CLANG_WARN_QUOTED_INCLUDE_IN_FRAMEWORK_HEADER = YES;
				CLANG_WARN_RANGE_LOOP_ANALYSIS = YES;
				CLANG_WARN_STRICT_PROTOTYPES = YES;
				CLANG_WARN_SUSPICIOUS_MOVE = YES;
				CLANG_WARN_UNGUARDED_AVAILABILITY = YES_AGGRESSIVE;
				CLANG_WARN_UNREACHABLE_CODE = YES;
				CLANG_WARN__DUPLICATE_METHOD_MATCH = YES;
				COPY_PHASE_STRIP = NO;
				DEBUG_INFORMATION_FORMAT = dwarf;
				ENABLE_STRICT_OBJC_MSGSEND = YES;
				ENABLE_TESTABILITY = YES;
				GCC_C_LANGUAGE_STANDARD = gnu11;
				GCC_DYNAMIC_NO_PIC = NO;
				GCC_NO_COMMON_BLOCKS = YES;
				GCC_OPTIMIZATION_LEVEL = 0;
				GCC_PREPROCESSOR_DEFINITIONS = (
					"DEBUG=1",
					"$(inherited)",
				);
				GCC_WARN_64_TO_32_BIT_CONVERSION = YES;
				GCC_WARN_ABOUT_RETURN_TYPE = YES_ERROR;
				GCC_WARN_UNDECLARED_SELECTOR = YES;
				GCC_WARN_UNINITIALIZED_AUTOS = YES_AGGRESSIVE;
				GCC_WARN_UNUSED_FUNCTION = YES;
				GCC_WARN_UNUSED_VARIABLE = YES;
				IPHONEOS_DEPLOYMENT_TARGET = 16.4;
				MTL_ENABLE_DEBUG_INFO = INCLUDE_SOURCE;
				MTL_FAST_MATH = YES;
				ONLY_ACTIVE_ARCH = YES;
				SDKROOT = iphoneos;
				SWIFT_ACTIVE_COMPILATION_CONDITIONS = DEBUG;
				SWIFT_OPTIMIZATION_LEVEL = "-Onone";
			};
			name = Debug;
		};
		84D25A182A0A3774005A2EB7 /* Release */ = {
			isa = XCBuildConfiguration;
			buildSettings = {
				ALWAYS_SEARCH_USER_PATHS = NO;
				CLANG_ANALYZER_NONNULL = YES;
				CLANG_ANALYZER_NUMBER_OBJECT_CONVERSION = YES_AGGRESSIVE;
				CLANG_CXX_LANGUAGE_STANDARD = "gnu++20";
				CLANG_ENABLE_MODULES = YES;
				CLANG_ENABLE_OBJC_ARC = YES;
				CLANG_ENABLE_OBJC_WEAK = YES;
				CLANG_WARN_BLOCK_CAPTURE_AUTORELEASING = YES;
				CLANG_WARN_BOOL_CONVERSION = YES;
				CLANG_WARN_COMMA = YES;
				CLANG_WARN_CONSTANT_CONVERSION = YES;
				CLANG_WARN_DEPRECATED_OBJC_IMPLEMENTATIONS = YES;
				CLANG_WARN_DIRECT_OBJC_ISA_USAGE = YES_ERROR;
				CLANG_WARN_DOCUMENTATION_COMMENTS = YES;
				CLANG_WARN_EMPTY_BODY = YES;
				CLANG_WARN_ENUM_CONVERSION = YES;
				CLANG_WARN_INFINITE_RECURSION = YES;
				CLANG_WARN_INT_CONVERSION = YES;
				CLANG_WARN_NON_LITERAL_NULL_CONVERSION = YES;
				CLANG_WARN_OBJC_IMPLICIT_RETAIN_SELF = YES;
				CLANG_WARN_OBJC_LITERAL_CONVERSION = YES;
				CLANG_WARN_OBJC_ROOT_CLASS = YES_ERROR;
				CLANG_WARN_QUOTED_INCLUDE_IN_FRAMEWORK_HEADER = YES;
				CLANG_WARN_RANGE_LOOP_ANALYSIS = YES;
				CLANG_WARN_STRICT_PROTOTYPES = YES;
				CLANG_WARN_SUSPICIOUS_MOVE = YES;
				CLANG_WARN_UNGUARDED_AVAILABILITY = YES_AGGRESSIVE;
				CLANG_WARN_UNREACHABLE_CODE = YES;
				CLANG_WARN__DUPLICATE_METHOD_MATCH = YES;
				COPY_PHASE_STRIP = NO;
				DEBUG_INFORMATION_FORMAT = "dwarf-with-dsym";
				ENABLE_NS_ASSERTIONS = NO;
				ENABLE_STRICT_OBJC_MSGSEND = YES;
				GCC_C_LANGUAGE_STANDARD = gnu11;
				GCC_NO_COMMON_BLOCKS = YES;
				GCC_WARN_64_TO_32_BIT_CONVERSION = YES;
				GCC_WARN_ABOUT_RETURN_TYPE = YES_ERROR;
				GCC_WARN_UNDECLARED_SELECTOR = YES;
				GCC_WARN_UNINITIALIZED_AUTOS = YES_AGGRESSIVE;
				GCC_WARN_UNUSED_FUNCTION = YES;
				GCC_WARN_UNUSED_VARIABLE = YES;
				IPHONEOS_DEPLOYMENT_TARGET = 16.4;
				MTL_ENABLE_DEBUG_INFO = NO;
				MTL_FAST_MATH = YES;
				SDKROOT = iphoneos;
				SWIFT_COMPILATION_MODE = wholemodule;
				SWIFT_OPTIMIZATION_LEVEL = "-O";
				VALIDATE_PRODUCT = YES;
			};
			name = Release;
		};
		84D25A1A2A0A3774005A2EB7 /* Debug */ = {
			isa = XCBuildConfiguration;
			buildSettings = {
				ASSETCATALOG_COMPILER_APPICON_NAME = AppIcon;
				ASSETCATALOG_COMPILER_GLOBAL_ACCENT_COLOR_NAME = AccentColor;
				CODE_SIGN_STYLE = Automatic;
				CURRENT_PROJECT_VERSION = 1;
				DEVELOPMENT_TEAM = 3QF3LQ7YF2;
				GENERATE_INFOPLIST_FILE = YES;
				INFOPLIST_FILE = LogInScreen/App/Info.plist;
				INFOPLIST_KEY_UIApplicationSupportsIndirectInputEvents = YES;
				INFOPLIST_KEY_UILaunchStoryboardName = LaunchScreen;
				INFOPLIST_KEY_UIMainStoryboardFile = Main;
				INFOPLIST_KEY_UISupportedInterfaceOrientations_iPad = "UIInterfaceOrientationPortrait UIInterfaceOrientationPortraitUpsideDown UIInterfaceOrientationLandscapeLeft UIInterfaceOrientationLandscapeRight";
				INFOPLIST_KEY_UISupportedInterfaceOrientations_iPhone = "UIInterfaceOrientationPortrait UIInterfaceOrientationLandscapeLeft UIInterfaceOrientationLandscapeRight";
				LD_RUNPATH_SEARCH_PATHS = (
					"$(inherited)",
					"@executable_path/Frameworks",
				);
				MARKETING_VERSION = 1.0;
				PRODUCT_BUNDLE_IDENTIFIER = Playground.LogInScreen;
				PRODUCT_NAME = "$(TARGET_NAME)";
				SUPPORTED_PLATFORMS = "iphoneos iphonesimulator";
				SUPPORTS_MACCATALYST = NO;
				SUPPORTS_MAC_DESIGNED_FOR_IPHONE_IPAD = NO;
				SWIFT_EMIT_LOC_STRINGS = YES;
				SWIFT_VERSION = 5.0;
				TARGETED_DEVICE_FAMILY = 1;
			};
			name = Debug;
		};
		84D25A1B2A0A3774005A2EB7 /* Release */ = {
			isa = XCBuildConfiguration;
			buildSettings = {
				ASSETCATALOG_COMPILER_APPICON_NAME = AppIcon;
				ASSETCATALOG_COMPILER_GLOBAL_ACCENT_COLOR_NAME = AccentColor;
				CODE_SIGN_STYLE = Automatic;
				CURRENT_PROJECT_VERSION = 1;
				DEVELOPMENT_TEAM = 3QF3LQ7YF2;
				GENERATE_INFOPLIST_FILE = YES;
				INFOPLIST_FILE = LogInScreen/App/Info.plist;
				INFOPLIST_KEY_UIApplicationSupportsIndirectInputEvents = YES;
				INFOPLIST_KEY_UILaunchStoryboardName = LaunchScreen;
				INFOPLIST_KEY_UIMainStoryboardFile = Main;
				INFOPLIST_KEY_UISupportedInterfaceOrientations_iPad = "UIInterfaceOrientationPortrait UIInterfaceOrientationPortraitUpsideDown UIInterfaceOrientationLandscapeLeft UIInterfaceOrientationLandscapeRight";
				INFOPLIST_KEY_UISupportedInterfaceOrientations_iPhone = "UIInterfaceOrientationPortrait UIInterfaceOrientationLandscapeLeft UIInterfaceOrientationLandscapeRight";
				LD_RUNPATH_SEARCH_PATHS = (
					"$(inherited)",
					"@executable_path/Frameworks",
				);
				MARKETING_VERSION = 1.0;
				PRODUCT_BUNDLE_IDENTIFIER = Playground.LogInScreen;
				PRODUCT_NAME = "$(TARGET_NAME)";
				SUPPORTED_PLATFORMS = "iphoneos iphonesimulator";
				SUPPORTS_MACCATALYST = NO;
				SUPPORTS_MAC_DESIGNED_FOR_IPHONE_IPAD = NO;
				SWIFT_EMIT_LOC_STRINGS = YES;
				SWIFT_VERSION = 5.0;
				TARGETED_DEVICE_FAMILY = 1;
			};
			name = Release;
		};
/* End XCBuildConfiguration section */

/* Begin XCConfigurationList section */
		84D25A002A0A3772005A2EB7 /* Build configuration list for PBXProject "LogInScreen" */ = {
			isa = XCConfigurationList;
			buildConfigurations = (
				84D25A172A0A3774005A2EB7 /* Debug */,
				84D25A182A0A3774005A2EB7 /* Release */,
			);
			defaultConfigurationIsVisible = 0;
			defaultConfigurationName = Release;
		};
		84D25A192A0A3774005A2EB7 /* Build configuration list for PBXNativeTarget "LogInScreen" */ = {
			isa = XCConfigurationList;
			buildConfigurations = (
				84D25A1A2A0A3774005A2EB7 /* Debug */,
				84D25A1B2A0A3774005A2EB7 /* Release */,
			);
			defaultConfigurationIsVisible = 0;
			defaultConfigurationName = Release;
		};
/* End XCConfigurationList section */
	};
	rootObject = 84D259FD2A0A3772005A2EB7 /* Project object */;
}
